{
  "name": "markdown-editor",
  "version": "0.1.0",
  "lockfileVersion": 1,
  "requires": true,
  "dependencies": {
    "argparse": {
      "version": "1.0.10",
      "resolved": "http://registry.npm.taobao.org/argparse/download/argparse-1.0.10.tgz",
      "integrity": "sha1-vNZ5HqWuCXJeF+WtmIE0zUCz2RE=",
      "requires": {
        "sprintf-js": "1.0.3"
      }
    },
    "babel-polyfill": {
      "version": "6.26.0",
      "resolved": "http://registry.npm.taobao.org/babel-polyfill/download/babel-polyfill-6.26.0.tgz",
      "integrity": "sha1-N5k3q8Z9eJWXCtxiHyhM2WbPIVM=",
      "requires": {
        "babel-runtime": "6.26.0",
        "core-js": "2.5.7",
        "regenerator-runtime": "0.10.5"
      }
    },
    "babel-runtime": {
      "version": "6.26.0",
      "resolved": "http://registry.npm.taobao.org/babel-runtime/download/babel-runtime-6.26.0.tgz",
      "integrity": "sha1-llxwWGaOgrVde/4E/yM3vItWR/4=",
      "requires": {
        "core-js": "2.5.7",
        "regenerator-runtime": "0.11.1"
      },
      "dependencies": {
        "regenerator-runtime": {
          "version": "0.11.1",
          "resolved": "http://registry.npm.taobao.org/regenerator-runtime/download/regenerator-runtime-0.11.1.tgz",
          "integrity": "sha1-vgWtf5v30i4Fb5cmzuUBf78Z4uk="
        }
      }
    },
    "codemirror": {
      "version": "5.41.0",
      "resolved": "http://registry.npm.taobao.org/codemirror/download/codemirror-5.41.0.tgz",
      "integrity": "sha1-V+JFvhl2Q8OUQNKEAjbT7cS7EWI="
    },
    "core-js": {
      "version": "2.5.7",
      "resolved": "http://registry.npm.taobao.org/core-js/download/core-js-2.5.7.tgz",
      "integrity": "sha1-+XJgj/DOrWi4QaFqky0LGDeRgU4="
    },
    "entities": {
      "version": "1.1.2",
      "resolved": "http://registry.npm.taobao.org/entities/download/entities-1.1.2.tgz",
      "integrity": "sha1-vfpzUplmTfr9NFKe1PhSKidf6lY="
    },
    "eve": {
      "version": "git://github.com/adobe-webplatform/eve.git#eef80ed8d188423c2272746fb8ae5cc8dad84cb1"
    },
    "highlight.js": {
      "version": "9.13.1",
      "resolved": "http://registry.npm.taobao.org/highlight.js/download/highlight.js-9.13.1.tgz",
      "integrity": "sha1-BUWG1TpoYzERaEiKD1jWxQXOZB4="
    },
    "jquery": {
      "version": "3.3.1",
      "resolved": "http://registry.npm.taobao.org/jquery/download/jquery-3.3.1.tgz",
      "integrity": "sha1-lYzinoHJeQ8xvneS311NlfxX+8o="
    },
    "linkify-it": {
      "version": "2.0.3",
      "resolved": "http://registry.npm.taobao.org/linkify-it/download/linkify-it-2.0.3.tgz",
      "integrity": "sha1-2UpGSPmxwXnWT6lykSaL22zpQ08=",
      "requires": {
        "uc.micro": "1.0.5"
      }
    },
    "markdown-it": {
      "version": "8.4.2",
      "resolved": "http://registry.npm.taobao.org/markdown-it/download/markdown-it-8.4.2.tgz",
      "integrity": "sha1-OG+YmY3BWjdyKqdyIIT0Agvdm1Q=",
      "requires": {
        "argparse": "1.0.10",
        "entities": "1.1.2",
        "linkify-it": "2.0.3",
        "mdurl": "1.0.1",
        "uc.micro": "1.0.5"
      }
    },
    "mdurl": {
      "version": "1.0.1",
      "resolved": "http://registry.npm.taobao.org/mdurl/download/mdurl-1.0.1.tgz",
      "integrity": "sha1-/oWy7HWlkDfyrf7BAP1sYBdhFS4="
    },
    "pako": {
      "version": "1.0.3",
      "resolved": "http://registry.npm.taobao.org/pako/download/pako-1.0.3.tgz",
      "integrity": "sha1-X1FbDGci4ZgpIK6ABerLC3ynPM8="
    },
    "plantuml-encoder": {
      "version": "1.2.5",
      "resolved": "http://registry.npm.taobao.org/plantuml-encoder/download/plantuml-encoder-1.2.5.tgz",
      "integrity": "sha1-a45bnhodvYiz/Z+0b3NO7H1EtUg=",
      "requires": {
        "pako": "1.0.3",
        "utf8-bytes": "0.0.1"
      }
    },
    "raphael": {
      "version": "git+https://github.com/nhnent/raphael.git#78a6ed3ec269f33b6457b0ec66f8c3d1f2ed70e0",
      "requires": {
        "eve": "git://github.com/adobe-webplatform/eve.git#eef80ed8d188423c2272746fb8ae5cc8dad84cb1"
      }
    },
    "regenerator-runtime": {
      "version": "0.10.5",
      "resolved": "http://registry.npm.taobao.org/regenerator-runtime/download/regenerator-runtime-0.10.5.tgz",
      "integrity": "sha1-M2w+/BIgrc7dosn6tntaeVWjNlg="
    },
    "resize-observer-polyfill": {
      "version": "1.5.0",
      "resolved": "http://registry.npm.taobao.org/resize-observer-polyfill/download/resize-observer-polyfill-1.5.0.tgz",
      "integrity": "sha1-Zg/x2XEqI4K6osrUUKRxYgn5ymk="
    },
    "sprintf-js": {
      "version": "1.0.3",
      "resolved": "http://registry.npm.taobao.org/sprintf-js/download/sprintf-js-1.0.3.tgz",
      "integrity": "sha1-BOaSb2YolTVPPdAVIDYzuFcpfiw="
    },
    "squire-rte": {
      "version": "github:neilj/Squire#306230d0df9b38047cd06204476ddc0582569cfd"
    },
    "to-mark": {
      "version": "1.1.3",
      "resolved": "http://registry.npm.taobao.org/to-mark/download/to-mark-1.1.3.tgz",
      "integrity": "sha1-1CGhcKLdWCAl5QkCVseCHGcD80Y="
    },
    "tui-chart": {
      "version": "3.4.0",
      "resolved": "http://registry.npm.taobao.org/tui-chart/download/tui-chart-3.4.0.tgz",
      "integrity": "sha1-gwPc/c9z9Xr7pUJD1M75znTZx5A=",
      "requires": {
        "babel-polyfill": "6.26.0",
        "raphael": "git+https://github.com/nhnent/raphael.git#78a6ed3ec269f33b6457b0ec66f8c3d1f2ed70e0",
        "tui-code-snippet": "1.4.0"
      }
    },
    "tui-code-snippet": {
      "version": "1.4.0",
      "resolved": "http://registry.npm.taobao.org/tui-code-snippet/download/tui-code-snippet-1.4.0.tgz",
      "integrity": "sha1-sJu45iHjgq8jAkNj1XY/m+REErQ="
    },
    "tui-color-picker": {
      "version": "2.2.0",
      "resolved": "http://registry.npm.taobao.org/tui-color-picker/download/tui-color-picker-2.2.0.tgz",
      "integrity": "sha1-RSuJol8/PZ9H2uc8FmQ13TU5vE8=",
      "requires": {
        "tui-code-snippet": "1.4.0"
      }
    },
    "tui-editor": {
      "version": "1.2.6",
      "resolved": "http://registry.npm.taobao.org/tui-editor/download/tui-editor-1.2.6.tgz",
      "integrity": "sha1-On+zdLXnkH7W0KHt3UPl2hl8RXY=",
      "requires": {
        "codemirror": "5.41.0",
        "highlight.js": "9.13.1",
        "jquery": "3.3.1",
        "markdown-it": "8.4.2",
        "plantuml-encoder": "1.2.5",
        "resize-observer-polyfill": "1.5.0",
        "squire-rte": "github:neilj/Squire#306230d0df9b38047cd06204476ddc0582569cfd",
        "to-mark": "1.1.3",
        "tui-chart": "3.4.0",
        "tui-code-snippet": "1.4.0",
        "tui-color-picker": "2.2.0"
      }
    },
    "uc.micro": {
      "version": "1.0.5",
      "resolved": "http://registry.npm.taobao.org/uc.micro/download/uc.micro-1.0.5.tgz",
      "integrity": "sha1-DGXxX4FaoItWCmHOi023/8P0U3Y="
    },
    "utf8-bytes": {
      "version": "0.0.1",
      "resolved": "http://registry.npm.taobao.org/utf8-bytes/download/utf8-bytes-0.0.1.tgz",
      "integrity": "sha1-EWsCVEjJtQAIHN+/H01sbDfYg30="
    }
  }
}
